
Microsoft Visual Studio Solution File, Format Version 12.00
# Visual Studio Version 17
VisualStudioVersion = 17.8.35728.64
MinimumVisualStudioVersion = 10.0.40219.1
Project("{FAE04EC0-301F-11D3-BF4B-00C04F79EFBC}") = "MyVSProject01", "MyVSProject01\MyVSProject01.csproj", "{62BF3896-8C90-4FBC-AE3B-5B1EDA122861}"
EndProject
Project("{FAE04EC0-301F-11D3-BF4B-00C04F79EFBC}") = "MyVSSharedProject", "..\MyVSCommon\MyVSSharedProject\MyVSSharedProject.csproj", "{4A4C668D-5CD7-4518-8FCE-8629EEAD1DA1}"
EndProject
Project("{FAE04EC0-301F-11D3-BF4B-00C04F79EFBC}") = "MyVSProject02", "MyVSProject02\MyVSProject02.csproj", "{A2E5C89B-DA1E-4714-8346-D5688874D880}"
EndProject
Global
	GlobalSection(SolutionConfigurationPlatforms) = preSolution
		Debug|Any CPU = Debug|Any CPU
		Release|Any CPU = Release|Any CPU
	EndGlobalSection
	GlobalSection(ProjectConfigurationPlatforms) = postSolution
		{62BF3896-8C90-4FBC-AE3B-5B1EDA122861}.Debug|Any CPU.ActiveCfg = Debug|Any CPU
		{62BF3896-8C90-4FBC-AE3B-5B1EDA122861}.Debug|Any CPU.Build.0 = Debug|Any CPU
		{62BF3896-8C90-4FBC-AE3B-5B1EDA122861}.Release|Any CPU.ActiveCfg = Release|Any CPU
		{62BF3896-8C90-4FBC-AE3B-5B1EDA122861}.Release|Any CPU.Build.0 = Release|Any CPU
		{4A4C668D-5CD7-4518-8FCE-8629EEAD1DA1}.Debug|Any CPU.ActiveCfg = Debug|Any CPU
		{4A4C668D-5CD7-4518-8FCE-8629EEAD1DA1}.Debug|Any CPU.Build.0 = Debug|Any CPU
		{4A4C668D-5CD7-4518-8FCE-8629EEAD1DA1}.Release|Any CPU.ActiveCfg = Release|Any CPU
		{4A4C668D-5CD7-4518-8FCE-8629EEAD1DA1}.Release|Any CPU.Build.0 = Release|Any CPU
		{A2E5C89B-DA1E-4714-8346-D5688874D880}.Debug|Any CPU.ActiveCfg = Debug|Any CPU
		{A2E5C89B-DA1E-4714-8346-D5688874D880}.Debug|Any CPU.Build.0 = Debug|Any CPU
		{A2E5C89B-DA1E-4714-8346-D5688874D880}.Release|Any CPU.ActiveCfg = Release|Any CPU
		{A2E5C89B-DA1E-4714-8346-D5688874D880}.Release|Any CPU.Build.0 = Release|Any CPU
	EndGlobalSection
	GlobalSection(SolutionProperties) = preSolution
		HideSolutionNode = FALSE
	EndGlobalSection
	GlobalSection(ExtensibilityGlobals) = postSolution
		SolutionGuid = {4B6C49AA-34E4-4659-A47F-11137BC6A92A}
	EndGlobalSection
EndGlobal
